// !$*UTF8*$!
{
	archiveVersion = 1;
	classes = {
	};
	objectVersion = 50;
	objects = {

/* Begin PBXBuildFile section */
		9E3124DB2127B8FF009DDE7B /* AppDelegate.swift in Sources */ = {isa = PBXBuildFile; fileRef = 9E3124DA2127B8FF009DDE7B /* AppDelegate.swift */; };
		9E3124DD2127B8FF009DDE7B /* ViewController.swift in Sources */ = {isa = PBXBuildFile; fileRef = 9E3124DC2127B8FF009DDE7B /* ViewController.swift */; };
		9E3124E02127B8FF009DDE7B /* Main.storyboard in Resources */ = {isa = PBXBuildFile; fileRef = 9E3124DE2127B8FF009DDE7B /* Main.storyboard */; };
		9E3124E22127B900009DDE7B /* Assets.xcassets in Resources */ = {isa = PBXBuildFile; fileRef = 9E3124E12127B900009DDE7B /* Assets.xcassets */; };
		9E3124E52127B900009DDE7B /* LaunchScreen.storyboard in Resources */ = {isa = PBXBuildFile; fileRef = 9E3124E32127B900009DDE7B /* LaunchScreen.storyboard */; };
		9E3124F02127B900009DDE7B /* ExampleTests.swift in Sources */ = {isa = PBXBuildFile; fileRef = 9E3124EF2127B900009DDE7B /* ExampleTests.swift */; };
		9E3125122127B9C2009DDE7B /* SwiftCheck.framework in Frameworks */ = {isa = PBXBuildFile; fileRef = 9E3125082127B9A3009DDE7B /* SwiftCheck.framework */; };
		9E3125142127BA86009DDE7B /* Example.swift in Sources */ = {isa = PBXBuildFile; fileRef = 9E3125132127BA86009DDE7B /* Example.swift */; };
		9E575B5F212F8B3C00774872 /* Expression.swift in Sources */ = {isa = PBXBuildFile; fileRef = 9E575B5E212F8B3C00774872 /* Expression.swift */; };
		9E575B66212F8BE400774872 /* Helpers.swift in Sources */ = {isa = PBXBuildFile; fileRef = 9E575B65212F8BE400774872 /* Helpers.swift */; };
		9E575B68212F8CB500774872 /* List.swift in Sources */ = {isa = PBXBuildFile; fileRef = 9E575B67212F8CB500774872 /* List.swift */; };
		9E575B7F212F950500774872 /* SnapKit.framework in Frameworks */ = {isa = PBXBuildFile; fileRef = 9E575B7A212F94D600774872 /* SnapKit.framework */; };
		9E575B81212F96D000774872 /* Person.swift in Sources */ = {isa = PBXBuildFile; fileRef = 9E575B80212F96D000774872 /* Person.swift */; };
/* End PBXBuildFile section */

/* Begin PBXContainerItemProxy section */
		9E3124EC2127B900009DDE7B /* PBXContainerItemProxy */ = {
			isa = PBXContainerItemProxy;
			containerPortal = 9E3124CF2127B8FF009DDE7B /* Project object */;
			proxyType = 1;
			remoteGlobalIDString = 9E3124D62127B8FF009DDE7B;
			remoteInfo = "Property Based Testing Workshop";
		};
		9E3125032127B9A3009DDE7B /* PBXContainerItemProxy */ = {
			isa = PBXContainerItemProxy;
			containerPortal = 9E3124FA2127B9A2009DDE7B /* SwiftCheck.xcodeproj */;
			proxyType = 2;
			remoteGlobalIDString = 844FCC8D198B320500EB242A;
			remoteInfo = SwiftCheck;
		};
		9E3125052127B9A3009DDE7B /* PBXContainerItemProxy */ = {
			isa = PBXContainerItemProxy;
			containerPortal = 9E3124FA2127B9A2009DDE7B /* SwiftCheck.xcodeproj */;
			proxyType = 2;
			remoteGlobalIDString = 844FCC98198B320500EB242A;
			remoteInfo = SwiftCheckTests;
		};
		9E3125072127B9A3009DDE7B /* PBXContainerItemProxy */ = {
			isa = PBXContainerItemProxy;
			containerPortal = 9E3124FA2127B9A2009DDE7B /* SwiftCheck.xcodeproj */;
			proxyType = 2;
			remoteGlobalIDString = 84DF75F81B0BD54600C912B0;
			remoteInfo = "SwiftCheck-iOS";
		};
		9E3125092127B9A3009DDE7B /* PBXContainerItemProxy */ = {
			isa = PBXContainerItemProxy;
			containerPortal = 9E3124FA2127B9A2009DDE7B /* SwiftCheck.xcodeproj */;
			proxyType = 2;
			remoteGlobalIDString = 84DF76021B0BD54600C912B0;
			remoteInfo = "SwiftCheck-iOSTests";
		};
		9E31250B2127B9A3009DDE7B /* PBXContainerItemProxy */ = {
			isa = PBXContainerItemProxy;
			containerPortal = 9E3124FA2127B9A2009DDE7B /* SwiftCheck.xcodeproj */;
			proxyType = 2;
			remoteGlobalIDString = 8240CCB11C3A123600EF4D29;
			remoteInfo = "SwiftCheck-tvOS";
		};
		9E31250D2127B9A3009DDE7B /* PBXContainerItemProxy */ = {
			isa = PBXContainerItemProxy;
			containerPortal = 9E3124FA2127B9A2009DDE7B /* SwiftCheck.xcodeproj */;
			proxyType = 2;
			remoteGlobalIDString = 8240CCBA1C3A123700EF4D29;
			remoteInfo = "SwiftCheck-tvOSTests";
		};
		9E31250F2127B9B2009DDE7B /* PBXContainerItemProxy */ = {
			isa = PBXContainerItemProxy;
			containerPortal = 9E3124FA2127B9A2009DDE7B /* SwiftCheck.xcodeproj */;
			proxyType = 1;
			remoteGlobalIDString = 84DF75F71B0BD54600C912B0;
			remoteInfo = "SwiftCheck-iOS";
		};
		9E575B79212F94D600774872 /* PBXContainerItemProxy */ = {
			isa = PBXContainerItemProxy;
			containerPortal = 9E575B74212F94D600774872 /* SnapKit.xcodeproj */;
			proxyType = 2;
			remoteGlobalIDString = EEBCC9D819CC627D0083B827;
			remoteInfo = SnapKit;
		};
		9E575B7B212F94D600774872 /* PBXContainerItemProxy */ = {
			isa = PBXContainerItemProxy;
			containerPortal = 9E575B74212F94D600774872 /* SnapKit.xcodeproj */;
			proxyType = 2;
			remoteGlobalIDString = EEBCC9E219CC627E0083B827;
			remoteInfo = "SnapKit Tests";
		};
		9E575B7D212F94F900774872 /* PBXContainerItemProxy */ = {
			isa = PBXContainerItemProxy;
			containerPortal = 9E575B74212F94D600774872 /* SnapKit.xcodeproj */;
			proxyType = 1;
			remoteGlobalIDString = EEBCC9D719CC627D0083B827;
			remoteInfo = SnapKit;
		};
/* End PBXContainerItemProxy section */

/* Begin PBXFileReference section */
		9E3124D72127B8FF009DDE7B /* Property Based Testing Workshop.app */ = {isa = PBXFileReference; explicitFileType = wrapper.application; includeInIndex = 0; path = "Property Based Testing Workshop.app"; sourceTree = BUILT_PRODUCTS_DIR; };
		9E3124DA2127B8FF009DDE7B /* AppDelegate.swift */ = {isa = PBXFileReference; lastKnownFileType = sourcecode.swift; path = AppDelegate.swift; sourceTree = "<group>"; };
		9E3124DC2127B8FF009DDE7B /* ViewController.swift */ = {isa = PBXFileReference; lastKnownFileType = sourcecode.swift; path = ViewController.swift; sourceTree = "<group>"; };
		9E3124DF2127B8FF009DDE7B /* Base */ = {isa = PBXFileReference; lastKnownFileType = file.storyboard; name = Base; path = Base.lproj/Main.storyboard; sourceTree = "<group>"; };
		9E3124E12127B900009DDE7B /* Assets.xcassets */ = {isa = PBXFileReference; lastKnownFileType = folder.assetcatalog; path = Assets.xcassets; sourceTree = "<group>"; };
		9E3124E42127B900009DDE7B /* Base */ = {isa = PBXFileReference; lastKnownFileType = file.storyboard; name = Base; path = Base.lproj/LaunchScreen.storyboard; sourceTree = "<group>"; };
		9E3124E62127B900009DDE7B /* Info.plist */ = {isa = PBXFileReference; lastKnownFileType = text.plist.xml; path = Info.plist; sourceTree = "<group>"; };
		9E3124EB2127B900009DDE7B /* Property Based Testing WorkshopTests.xctest */ = {isa = PBXFileReference; explicitFileType = wrapper.cfbundle; includeInIndex = 0; path = "Property Based Testing WorkshopTests.xctest"; sourceTree = BUILT_PRODUCTS_DIR; };
		9E3124EF2127B900009DDE7B /* ExampleTests.swift */ = {isa = PBXFileReference; lastKnownFileType = sourcecode.swift; path = ExampleTests.swift; sourceTree = "<group>"; };
		9E3124F12127B900009DDE7B /* Info.plist */ = {isa = PBXFileReference; lastKnownFileType = text.plist.xml; path = Info.plist; sourceTree = "<group>"; };
		9E3124FA2127B9A2009DDE7B /* SwiftCheck.xcodeproj */ = {isa = PBXFileReference; lastKnownFileType = "wrapper.pb-project"; name = SwiftCheck.xcodeproj; path = ../SwiftCheck/SwiftCheck.xcodeproj; sourceTree = "<group>"; };
		9E3125132127BA86009DDE7B /* Example.swift */ = {isa = PBXFileReference; lastKnownFileType = sourcecode.swift; path = Example.swift; sourceTree = "<group>"; };
		9E575B5E212F8B3C00774872 /* Expression.swift */ = {isa = PBXFileReference; lastKnownFileType = sourcecode.swift; path = Expression.swift; sourceTree = "<group>"; };
		9E575B65212F8BE400774872 /* Helpers.swift */ = {isa = PBXFileReference; lastKnownFileType = sourcecode.swift; path = Helpers.swift; sourceTree = "<group>"; };
		9E575B67212F8CB500774872 /* List.swift */ = {isa = PBXFileReference; lastKnownFileType = sourcecode.swift; path = List.swift; sourceTree = "<group>"; };
		9E575B74212F94D600774872 /* SnapKit.xcodeproj */ = {isa = PBXFileReference; lastKnownFileType = "wrapper.pb-project"; name = SnapKit.xcodeproj; path = ../SnapKit/SnapKit.xcodeproj; sourceTree = "<group>"; };
		9E575B80212F96D000774872 /* Person.swift */ = {isa = PBXFileReference; lastKnownFileType = sourcecode.swift; path = Person.swift; sourceTree = "<group>"; };
/* End PBXFileReference section */

/* Begin PBXFrameworksBuildPhase section */
		9E3124D42127B8FF009DDE7B /* Frameworks */ = {
			isa = PBXFrameworksBuildPhase;
			buildActionMask = 2147483647;
			files = (
				9E575B7F212F950500774872 /* SnapKit.framework in Frameworks */,
			);
			runOnlyForDeploymentPostprocessing = 0;
		};
		9E3124E82127B900009DDE7B /* Frameworks */ = {
			isa = PBXFrameworksBuildPhase;
			buildActionMask = 2147483647;
			files = (
				9E3125122127B9C2009DDE7B /* SwiftCheck.framework in Frameworks */,
			);
			runOnlyForDeploymentPostprocessing = 0;
		};
/* End PBXFrameworksBuildPhase section */

/* Begin PBXGroup section */
		9E3124CE2127B8FF009DDE7B = {
			isa = PBXGroup;
			children = (
				9E3124FA2127B9A2009DDE7B /* SwiftCheck.xcodeproj */,
				9E575B74212F94D600774872 /* SnapKit.xcodeproj */,
				9E3124D92127B8FF009DDE7B /* Property Based Testing Workshop */,
				9E3124EE2127B900009DDE7B /* Property Based Testing WorkshopTests */,
				9E3124D82127B8FF009DDE7B /* Products */,
				9E3125112127B9C2009DDE7B /* Frameworks */,
			);
			sourceTree = "<group>";
		};
		9E3124D82127B8FF009DDE7B /* Products */ = {
			isa = PBXGroup;
			children = (
				9E3124D72127B8FF009DDE7B /* Property Based Testing Workshop.app */,
				9E3124EB2127B900009DDE7B /* Property Based Testing WorkshopTests.xctest */,
			);
			name = Products;
			sourceTree = "<group>";
		};
		9E3124D92127B8FF009DDE7B /* Property Based Testing Workshop */ = {
			isa = PBXGroup;
			children = (
				9E3125132127BA86009DDE7B /* Example.swift */,
				9E575B67212F8CB500774872 /* List.swift */,
				9E575B5E212F8B3C00774872 /* Expression.swift */,
				9E575B80212F96D000774872 /* Person.swift */,
				9E3124DA2127B8FF009DDE7B /* AppDelegate.swift */,
				9E3124DC2127B8FF009DDE7B /* ViewController.swift */,
				9E3124DE2127B8FF009DDE7B /* Main.storyboard */,
				9E3124E12127B900009DDE7B /* Assets.xcassets */,
				9E3124E32127B900009DDE7B /* LaunchScreen.storyboard */,
				9E3124E62127B900009DDE7B /* Info.plist */,
			);
			path = "Property Based Testing Workshop";
			sourceTree = "<group>";
		};
		9E3124EE2127B900009DDE7B /* Property Based Testing WorkshopTests */ = {
			isa = PBXGroup;
			children = (
				9E3124EF2127B900009DDE7B /* ExampleTests.swift */,
				9E575B65212F8BE400774872 /* Helpers.swift */,
				9E3124F12127B900009DDE7B /* Info.plist */,
			);
			path = "Property Based Testing WorkshopTests";
			sourceTree = "<group>";
		};
		9E3124FB2127B9A2009DDE7B /* Products */ = {
			isa = PBXGroup;
			children = (
				9E3125042127B9A3009DDE7B /* SwiftCheck.framework */,
				9E3125062127B9A3009DDE7B /* SwiftCheckTests.xctest */,
				9E3125082127B9A3009DDE7B /* SwiftCheck.framework */,
				9E31250A2127B9A3009DDE7B /* SwiftCheck-iOSTests.xctest */,
				9E31250C2127B9A3009DDE7B /* SwiftCheck.framework */,
				9E31250E2127B9A3009DDE7B /* SwiftCheck-tvOSTests.xctest */,
			);
			name = Products;
			sourceTree = "<group>";
		};
		9E3125112127B9C2009DDE7B /* Frameworks */ = {
			isa = PBXGroup;
			children = (
			);
			name = Frameworks;
			sourceTree = "<group>";
		};
		9E575B75212F94D600774872 /* Products */ = {
			isa = PBXGroup;
			children = (
				9E575B7A212F94D600774872 /* SnapKit.framework */,
				9E575B7C212F94D600774872 /* SnapKit Tests.xctest */,
			);
			name = Products;
			sourceTree = "<group>";
		};
/* End PBXGroup section */

/* Begin PBXNativeTarget section */
		9E3124D62127B8FF009DDE7B /* Property Based Testing Workshop */ = {
			isa = PBXNativeTarget;
			buildConfigurationList = 9E3124F42127B900009DDE7B /* Build configuration list for PBXNativeTarget "Property Based Testing Workshop" */;
			buildPhases = (
				9E3124D32127B8FF009DDE7B /* Sources */,
				9E3124D42127B8FF009DDE7B /* Frameworks */,
				9E3124D52127B8FF009DDE7B /* Resources */,
			);
			buildRules = (
			);
			dependencies = (
				9E575B7E212F94F900774872 /* PBXTargetDependency */,
			);
			name = "Property Based Testing Workshop";
			productName = "Property Based Testing Workshop";
			productReference = 9E3124D72127B8FF009DDE7B /* Property Based Testing Workshop.app */;
			productType = "com.apple.product-type.application";
		};
		9E3124EA2127B900009DDE7B /* Property Based Testing WorkshopTests */ = {
			isa = PBXNativeTarget;
			buildConfigurationList = 9E3124F72127B900009DDE7B /* Build configuration list for PBXNativeTarget "Property Based Testing WorkshopTests" */;
			buildPhases = (
				9E3124E72127B900009DDE7B /* Sources */,
				9E3124E82127B900009DDE7B /* Frameworks */,
				9E3124E92127B900009DDE7B /* Resources */,
			);
			buildRules = (
			);
			dependencies = (
				9E3125102127B9B2009DDE7B /* PBXTargetDependency */,
				9E3124ED2127B900009DDE7B /* PBXTargetDependency */,
			);
			name = "Property Based Testing WorkshopTests";
			productName = "Property Based Testing WorkshopTests";
			productReference = 9E3124EB2127B900009DDE7B /* Property Based Testing WorkshopTests.xctest */;
			productType = "com.apple.product-type.bundle.unit-test";
		};
/* End PBXNativeTarget section */

/* Begin PBXProject section */
		9E3124CF2127B8FF009DDE7B /* Project object */ = {
			isa = PBXProject;
			attributes = {
				LastSwiftUpdateCheck = 0940;
				LastUpgradeCheck = 0940;
				ORGANIZATIONNAME = "Sebastian Grail";
				TargetAttributes = {
					9E3124D62127B8FF009DDE7B = {
						CreatedOnToolsVersion = 9.4.1;
					};
					9E3124EA2127B900009DDE7B = {
						CreatedOnToolsVersion = 9.4.1;
						TestTargetID = 9E3124D62127B8FF009DDE7B;
					};
				};
			};
			buildConfigurationList = 9E3124D22127B8FF009DDE7B /* Build configuration list for PBXProject "Property Based Testing Workshop" */;
			compatibilityVersion = "Xcode 9.3";
			developmentRegion = en;
			hasScannedForEncodings = 0;
			knownRegions = (
				en,
				Base,
			);
			mainGroup = 9E3124CE2127B8FF009DDE7B;
			productRefGroup = 9E3124D82127B8FF009DDE7B /* Products */;
			projectDirPath = "";
			projectReferences = (
				{
					ProductGroup = 9E575B75212F94D600774872 /* Products */;
					ProjectRef = 9E575B74212F94D600774872 /* SnapKit.xcodeproj */;
				},
				{
					ProductGroup = 9E3124FB2127B9A2009DDE7B /* Products */;
					ProjectRef = 9E3124FA2127B9A2009DDE7B /* SwiftCheck.xcodeproj */;
				},
			);
			projectRoot = "";
			targets = (
				9E3124D62127B8FF009DDE7B /* Property Based Testing Workshop */,
				9E3124EA2127B900009DDE7B /* Property Based Testing WorkshopTests */,
			);
		};
/* End PBXProject section */

/* Begin PBXReferenceProxy section */
		9E3125042127B9A3009DDE7B /* SwiftCheck.framework */ = {
			isa = PBXReferenceProxy;
			fileType = wrapper.framework;
			path = SwiftCheck.framework;
			remoteRef = 9E3125032127B9A3009DDE7B /* PBXContainerItemProxy */;
			sourceTree = BUILT_PRODUCTS_DIR;
		};
		9E3125062127B9A3009DDE7B /* SwiftCheckTests.xctest */ = {
			isa = PBXReferenceProxy;
			fileType = wrapper.cfbundle;
			path = SwiftCheckTests.xctest;
			remoteRef = 9E3125052127B9A3009DDE7B /* PBXContainerItemProxy */;
			sourceTree = BUILT_PRODUCTS_DIR;
		};
		9E3125082127B9A3009DDE7B /* SwiftCheck.framework */ = {
			isa = PBXReferenceProxy;
			fileType = wrapper.framework;
			path = SwiftCheck.framework;
			remoteRef = 9E3125072127B9A3009DDE7B /* PBXContainerItemProxy */;
			sourceTree = BUILT_PRODUCTS_DIR;
		};
		9E31250A2127B9A3009DDE7B /* SwiftCheck-iOSTests.xctest */ = {
			isa = PBXReferenceProxy;
			fileType = wrapper.cfbundle;
			path = "SwiftCheck-iOSTests.xctest";
			remoteRef = 9E3125092127B9A3009DDE7B /* PBXContainerItemProxy */;
			sourceTree = BUILT_PRODUCTS_DIR;
		};
		9E31250C2127B9A3009DDE7B /* SwiftCheck.framework */ = {
			isa = PBXReferenceProxy;
			fileType = wrapper.framework;
			path = SwiftCheck.framework;
			remoteRef = 9E31250B2127B9A3009DDE7B /* PBXContainerItemProxy */;
			sourceTree = BUILT_PRODUCTS_DIR;
		};
		9E31250E2127B9A3009DDE7B /* SwiftCheck-tvOSTests.xctest */ = {
			isa = PBXReferenceProxy;
			fileType = wrapper.cfbundle;
			path = "SwiftCheck-tvOSTests.xctest";
			remoteRef = 9E31250D2127B9A3009DDE7B /* PBXContainerItemProxy */;
			sourceTree = BUILT_PRODUCTS_DIR;
		};
		9E575B7A212F94D600774872 /* SnapKit.framework */ = {
			isa = PBXReferenceProxy;
			fileType = wrapper.framework;
			path = SnapKit.framework;
			remoteRef = 9E575B79212F94D600774872 /* PBXContainerItemProxy */;
			sourceTree = BUILT_PRODUCTS_DIR;
		};
		9E575B7C212F94D600774872 /* SnapKit Tests.xctest */ = {
			isa = PBXReferenceProxy;
			fileType = wrapper.cfbundle;
			path = "SnapKit Tests.xctest";
			remoteRef = 9E575B7B212F94D600774872 /* PBXContainerItemProxy */;
			sourceTree = BUILT_PRODUCTS_DIR;
		};
/* End PBXReferenceProxy section */

/* Begin PBXResourcesBuildPhase section */
		9E3124D52127B8FF009DDE7B /* Resources */ = {
			isa = PBXResourcesBuildPhase;
			buildActionMask = 2147483647;
			files = (
				9E3124E52127B900009DDE7B /* LaunchScreen.storyboard in Resources */,
				9E3124E22127B900009DDE7B /* Assets.xcassets in Resources */,
				9E3124E02127B8FF009DDE7B /* Main.storyboard in Resources */,
			);
			runOnlyForDeploymentPostprocessing = 0;
		};
		9E3124E92127B900009DDE7B /* Resources */ = {
			isa = PBXResourcesBuildPhase;
			buildActionMask = 2147483647;
			files = (
			);
			runOnlyForDeploymentPostprocessing = 0;
		};
/* End PBXResourcesBuildPhase section */

/* Begin PBXSourcesBuildPhase section */
		9E3124D32127B8FF009DDE7B /* Sources */ = {
			isa = PBXSourcesBuildPhase;
			buildActionMask = 2147483647;
			files = (
				9E575B81212F96D000774872 /* Person.swift in Sources */,
				9E3124DD2127B8FF009DDE7B /* ViewController.swift in Sources */,
				9E3124DB2127B8FF009DDE7B /* AppDelegate.swift in Sources */,
				9E3125142127BA86009DDE7B /* Example.swift in Sources */,
				9E575B68212F8CB500774872 /* List.swift in Sources */,
				9E575B5F212F8B3C00774872 /* Expression.swift in Sources */,
			);
			runOnlyForDeploymentPostprocessing = 0;
		};
		9E3124E72127B900009DDE7B /* Sources */ = {
			isa = PBXSourcesBuildPhase;
			buildActionMask = 2147483647;
			files = (
				9E3124F02127B900009DDE7B /* ExampleTests.swift in Sources */,
				9E575B66212F8BE400774872 /* Helpers.swift in Sources */,
			);
			runOnlyForDeploymentPostprocessing = 0;
		};
/* End PBXSourcesBuildPhase section */

/* Begin PBXTargetDependency section */
		9E3124ED2127B900009DDE7B /* PBXTargetDependency */ = {
			isa = PBXTargetDependency;
			target = 9E3124D62127B8FF009DDE7B /* Property Based Testing Workshop */;
			targetProxy = 9E3124EC2127B900009DDE7B /* PBXContainerItemProxy */;
		};
		9E3125102127B9B2009DDE7B /* PBXTargetDependency */ = {
			isa = PBXTargetDependency;
			name = "SwiftCheck-iOS";
			targetProxy = 9E31250F2127B9B2009DDE7B /* PBXContainerItemProxy */;
		};
		9E575B7E212F94F900774872 /* PBXTargetDependency */ = {
			isa = PBXTargetDependency;
			name = SnapKit;
			targetProxy = 9E575B7D212F94F900774872 /* PBXContainerItemProxy */;
		};
/* End PBXTargetDependency section */

/* Begin PBXVariantGroup section */
		9E3124DE2127B8FF009DDE7B /* Main.storyboard */ = {
			isa = PBXVariantGroup;
			children = (
				9E3124DF2127B8FF009DDE7B /* Base */,
			);
			name = Main.storyboard;
			sourceTree = "<group>";
		};
		9E3124E32127B900009DDE7B /* LaunchScreen.storyboard */ = {
			isa = PBXVariantGroup;
			children = (
				9E3124E42127B900009DDE7B /* Base */,
			);
			name = LaunchScreen.storyboard;
			sourceTree = "<group>";
		};
/* End PBXVariantGroup section */

/* Begin XCBuildConfiguration section */
		9E3124F22127B900009DDE7B /* Debug */ = {
			isa = XCBuildConfiguration;
			buildSettings = {
				ALWAYS_SEARCH_USER_PATHS = NO;
				CLANG_ANALYZER_NONNULL = YES;
				CLANG_ANALYZER_NUMBER_OBJECT_CONVERSION = YES_AGGRESSIVE;
				CLANG_CXX_LANGUAGE_STANDARD = "gnu++14";
				CLANG_CXX_LIBRARY = "libc++";
				CLANG_ENABLE_MODULES = YES;
				CLANG_ENABLE_OBJC_ARC = YES;
				CLANG_ENABLE_OBJC_WEAK = YES;
				CLANG_WARN_BLOCK_CAPTURE_AUTORELEASING = YES;
				CLANG_WARN_BOOL_CONVERSION = YES;
				CLANG_WARN_COMMA = YES;
				CLANG_WARN_CONSTANT_CONVERSION = YES;
				CLANG_WARN_DEPRECATED_OBJC_IMPLEMENTATIONS = YES;
				CLANG_WARN_DIRECT_OBJC_ISA_USAGE = YES_ERROR;
				CLANG_WARN_DOCUMENTATION_COMMENTS = YES;
				CLANG_WARN_EMPTY_BODY = YES;
				CLANG_WARN_ENUM_CONVERSION = YES;
				CLANG_WARN_INFINITE_RECURSION = YES;
				CLANG_WARN_INT_CONVERSION = YES;
				CLANG_WARN_NON_LITERAL_NULL_CONVERSION = YES;
				CLANG_WARN_OBJC_IMPLICIT_RETAIN_SELF = YES;
				CLANG_WARN_OBJC_LITERAL_CONVERSION = YES;
				CLANG_WARN_OBJC_ROOT_CLASS = YES_ERROR;
				CLANG_WARN_RANGE_LOOP_ANALYSIS = YES;
				CLANG_WARN_STRICT_PROTOTYPES = YES;
				CLANG_WARN_SUSPICIOUS_MOVE = YES;
				CLANG_WARN_UNGUARDED_AVAILABILITY = YES_AGGRESSIVE;
				CLANG_WARN_UNREACHABLE_CODE = YES;
				CLANG_WARN__DUPLICATE_METHOD_MATCH = YES;
				CODE_SIGN_IDENTITY = "iPhone Developer";
				COPY_PHASE_STRIP = NO;
				DEBUG_INFORMATION_FORMAT = dwarf;
				ENABLE_STRICT_OBJC_MSGSEND = YES;
				ENABLE_TESTABILITY = YES;
				GCC_C_LANGUAGE_STANDARD = gnu11;
				GCC_DYNAMIC_NO_PIC = NO;
				GCC_NO_COMMON_BLOCKS = YES;
				GCC_OPTIMIZATION_LEVEL = 0;
				GCC_PREPROCESSOR_DEFINITIONS = (
					"DEBUG=1",
					"$(inherited)",
				);
				GCC_WARN_64_TO_32_BIT_CONVERSION = YES;
				GCC_WARN_ABOUT_RETURN_TYPE = YES_ERROR;
				GCC_WARN_UNDECLARED_SELECTOR = YES;
				GCC_WARN_UNINITIALIZED_AUTOS = YES_AGGRESSIVE;
				GCC_WARN_UNUSED_FUNCTION = YES;
				GCC_WARN_UNUSED_VARIABLE = YES;
				IPHONEOS_DEPLOYMENT_TARGET = 11.4;
				MTL_ENABLE_DEBUG_INFO = YES;
				ONLY_ACTIVE_ARCH = YES;
				SDKROOT = iphoneos;
				SWIFT_ACTIVE_COMPILATION_CONDITIONS = DEBUG;
				SWIFT_OPTIMIZATION_LEVEL = "-Onone";
			};
			name = Debug;
		};
		9E3124F32127B900009DDE7B /* Release */ = {
			isa = XCBuildConfiguration;
			buildSettings = {
				ALWAYS_SEARCH_USER_PATHS = NO;
				CLANG_ANALYZER_NONNULL = YES;
				CLANG_ANALYZER_NUMBER_OBJECT_CONVERSION = YES_AGGRESSIVE;
				CLANG_CXX_LANGUAGE_STANDARD = "gnu++14";
				CLANG_CXX_LIBRARY = "libc++";
				CLANG_ENABLE_MODULES = YES;
				CLANG_ENABLE_OBJC_ARC = YES;
				CLANG_ENABLE_OBJC_WEAK = YES;
				CLANG_WARN_BLOCK_CAPTURE_AUTORELEASING = YES;
				CLANG_WARN_BOOL_CONVERSION = YES;
				CLANG_WARN_COMMA = YES;
				CLANG_WARN_CONSTANT_CONVERSION = YES;
				CLANG_WARN_DEPRECATED_OBJC_IMPLEMENTATIONS = YES;
				CLANG_WARN_DIRECT_OBJC_ISA_USAGE = YES_ERROR;
				CLANG_WARN_DOCUMENTATION_COMMENTS = YES;
				CLANG_WARN_EMPTY_BODY = YES;
				CLANG_WARN_ENUM_CONVERSION = YES;
				CLANG_WARN_INFINITE_RECURSION = YES;
				CLANG_WARN_INT_CONVERSION = YES;
				CLANG_WARN_NON_LITERAL_NULL_CONVERSION = YES;
				CLANG_WARN_OBJC_IMPLICIT_RETAIN_SELF = YES;
				CLANG_WARN_OBJC_LITERAL_CONVERSION = YES;
				CLANG_WARN_OBJC_ROOT_CLASS = YES_ERROR;
				CLANG_WARN_RANGE_LOOP_ANALYSIS = YES;
				CLANG_WARN_STRICT_PROTOTYPES = YES;
				CLANG_WARN_SUSPICIOUS_MOVE = YES;
				CLANG_WARN_UNGUARDED_AVAILABILITY = YES_AGGRESSIVE;
				CLANG_WARN_UNREACHABLE_CODE = YES;
				CLANG_WARN__DUPLICATE_METHOD_MATCH = YES;
				CODE_SIGN_IDENTITY = "iPhone Developer";
				COPY_PHASE_STRIP = NO;
				DEBUG_INFORMATION_FORMAT = "dwarf-with-dsym";
				ENABLE_NS_ASSERTIONS = NO;
				ENABLE_STRICT_OBJC_MSGSEND = YES;
				GCC_C_LANGUAGE_STANDARD = gnu11;
				GCC_NO_COMMON_BLOCKS = YES;
				GCC_WARN_64_TO_32_BIT_CONVERSION = YES;
				GCC_WARN_ABOUT_RETURN_TYPE = YES_ERROR;
				GCC_WARN_UNDECLARED_SELECTOR = YES;
				GCC_WARN_UNINITIALIZED_AUTOS = YES_AGGRESSIVE;
				GCC_WARN_UNUSED_FUNCTION = YES;
				GCC_WARN_UNUSED_VARIABLE = YES;
				IPHONEOS_DEPLOYMENT_TARGET = 11.4;
				MTL_ENABLE_DEBUG_INFO = NO;
				SDKROOT = iphoneos;
				SWIFT_COMPILATION_MODE = wholemodule;
				SWIFT_OPTIMIZATION_LEVEL = "-O";
				VALIDATE_PRODUCT = YES;
			};
			name = Release;
		};
		9E3124F52127B900009DDE7B /* Debug */ = {
			isa = XCBuildConfiguration;
			buildSettings = {
				ASSETCATALOG_COMPILER_APPICON_NAME = AppIcon;
				CODE_SIGN_STYLE = Automatic;
				DEVELOPMENT_TEAM = NRB5UJQVWL;
				INFOPLIST_FILE = "Property Based Testing Workshop/Info.plist";
				LD_RUNPATH_SEARCH_PATHS = (
					"$(inherited)",
					"@executable_path/Frameworks",
				);
				PRODUCT_BUNDLE_IDENTIFIER = "de.grail.sebastian.Property-Based-Testing-Workshop";
				PRODUCT_NAME = "$(TARGET_NAME)";
				SWIFT_VERSION = 4.0;
				TARGETED_DEVICE_FAMILY = "1,2";
			};
			name = Debug;
		};
		9E3124F62127B900009DDE7B /* Release */ = {
			isa = XCBuildConfiguration;
			buildSettings = {
				ASSETCATALOG_COMPILER_APPICON_NAME = AppIcon;
				CODE_SIGN_STYLE = Automatic;
				DEVELOPMENT_TEAM = NRB5UJQVWL;
				INFOPLIST_FILE = "Property Based Testing Workshop/Info.plist";
				LD_RUNPATH_SEARCH_PATHS = (
					"$(inherited)",
					"@executable_path/Frameworks",
				);
				PRODUCT_BUNDLE_IDENTIFIER = "de.grail.sebastian.Property-Based-Testing-Workshop";
				PRODUCT_NAME = "$(TARGET_NAME)";
				SWIFT_VERSION = 4.0;
				TARGETED_DEVICE_FAMILY = "1,2";
			};
			name = Release;
		};
		9E3124F82127B900009DDE7B /* Debug */ = {
			isa = XCBuildConfiguration;
			buildSettings = {
				ALWAYS_EMBED_SWIFT_STANDARD_LIBRARIES = YES;
				BUNDLE_LOADER = "$(TEST_HOST)";
				CODE_SIGN_STYLE = Automatic;
				DEVELOPMENT_TEAM = NRB5UJQVWL;
				INFOPLIST_FILE = "Property Based Testing WorkshopTests/Info.plist";
				LD_RUNPATH_SEARCH_PATHS = (
					"$(inherited)",
					"@executable_path/Frameworks",
					"@loader_path/Frameworks",
				);
				PRODUCT_BUNDLE_IDENTIFIER = "de.grail.sebastian.Property-Based-Testing-WorkshopTests";
				PRODUCT_NAME = "$(TARGET_NAME)";
				SWIFT_VERSION = 4.0;
				TARGETED_DEVICE_FAMILY = "1,2";
				TEST_HOST = "$(BUILT_PRODUCTS_DIR)/Property Based Testing Workshop.app/Property Based Testing Workshop";
			};
			name = Debug;
		};
		9E3124F92127B900009DDE7B /* Release */ = {
			isa = XCBuildConfiguration;
			buildSettings = {
				ALWAYS_EMBED_SWIFT_STANDARD_LIBRARIES = YES;
				BUNDLE_LOADER = "$(TEST_HOST)";
				CODE_SIGN_STYLE = Automatic;
				DEVELOPMENT_TEAM = NRB5UJQVWL;
				INFOPLIST_FILE = "Property Based Testing WorkshopTests/Info.plist";
				LD_RUNPATH_SEARCH_PATHS = (
					"$(inherited)",
					"@executable_path/Frameworks",
					"@loader_path/Frameworks",
				);
				PRODUCT_BUNDLE_IDENTIFIER = "de.grail.sebastian.Property-Based-Testing-WorkshopTests";
				PRODUCT_NAME = "$(TARGET_NAME)";
				SWIFT_VERSION = 4.0;
				TARGETED_DEVICE_FAMILY = "1,2";
				TEST_HOST = "$(BUILT_PRODUCTS_DIR)/Property Based Testing Workshop.app/Property Based Testing Workshop";
			};
			name = Release;
		};
/* End XCBuildConfiguration section */

/* Begin XCConfigurationList section */
		9E3124D22127B8FF009DDE7B /* Build configuration list for PBXProject "Property Based Testing Workshop" */ = {
			isa = XCConfigurationList;
			buildConfigurations = (
				9E3124F22127B900009DDE7B /* Debug */,
				9E3124F32127B900009DDE7B /* Release */,
			);
			defaultConfigurationIsVisible = 0;
			defaultConfigurationName = Release;
		};
		9E3124F42127B900009DDE7B /* Build configuration list for PBXNativeTarget "Property Based Testing Workshop" */ = {
			isa = XCConfigurationList;
			buildConfigurations = (
				9E3124F52127B900009DDE7B /* Debug */,
				9E3124F62127B900009DDE7B /* Release */,
			);
			defaultConfigurationIsVisible = 0;
			defaultConfigurationName = Release;
		};
		9E3124F72127B900009DDE7B /* Build configuration list for PBXNativeTarget "Property Based Testing WorkshopTests" */ = {
			isa = XCConfigurationList;
			buildConfigurations = (
				9E3124F82127B900009DDE7B /* Debug */,
				9E3124F92127B900009DDE7B /* Release */,
			);
			defaultConfigurationIsVisible = 0;
			defaultConfigurationName = Release;
		};
/* End XCConfigurationList section */
	};
	rootObject = 9E3124CF2127B8FF009DDE7B /* Project object */;
}
